
Microsoft Visual Studio Solution File, Format Version 12.00
# Visual Studio 2012
Project("{FAE04EC0-301F-11D3-BF4B-00C04F79EFBC}") = "FoodAcademy_HackNYU", "FoodAcademy_HackNYU.csproj", "{9E63392E-11FB-4710-BFED-9DEDB7590D09}"
EndProject
Global
	GlobalSection(SolutionConfigurationPlatforms) = preSolution
		Debug|iPhoneSimulator = Debug|iPhoneSimulator
		Release|iPhone = Release|iPhone
		Release|iPhoneSimulator = Release|iPhoneSimulator
		Debug|iPhone = Debug|iPhone
	EndGlobalSection
	GlobalSection(ProjectConfigurationPlatforms) = postSolution
		{9E63392E-11FB-4710-BFED-9DEDB7590D09}.Debug|iPhoneSimulator.ActiveCfg = Debug|iPhoneSimulator
		{9E63392E-11FB-4710-BFED-9DEDB7590D09}.Debug|iPhoneSimulator.Build.0 = Debug|iPhoneSimulator
		{9E63392E-11FB-4710-BFED-9DEDB7590D09}.Release|iPhone.ActiveCfg = Release|iPhone
		{9E63392E-11FB-4710-BFED-9DEDB7590D09}.Release|iPhone.Build.0 = Release|iPhone
		{9E63392E-11FB-4710-BFED-9DEDB7590D09}.Release|iPhoneSimulator.ActiveCfg = Release|iPhoneSimulator
		{9E63392E-11FB-4710-BFED-9DEDB7590D09}.Release|iPhoneSimulator.Build.0 = Release|iPhoneSimulator
		{9E63392E-11FB-4710-BFED-9DEDB7590D09}.Debug|iPhone.ActiveCfg = Debug|iPhone
		{9E63392E-11FB-4710-BFED-9DEDB7590D09}.Debug|iPhone.Build.0 = Debug|iPhone
	EndGlobalSection
EndGlobal
