// !$*UTF8*$!
{
	archiveVersion = 1;
	classes = {
	};
	objectVersion = 46;
	objects = {

/* Begin PBXBuildFile section */
		902AB0BF1EB52E3D0025D89E /* AppDelegate.swift in Sources */ = {isa = PBXBuildFile; fileRef = 902AB0BE1EB52E3D0025D89E /* AppDelegate.swift */; };
		902AB0C11EB52E3D0025D89E /* ViewController.swift in Sources */ = {isa = PBXBuildFile; fileRef = 902AB0C01EB52E3D0025D89E /* ViewController.swift */; };
		902AB0C41EB52E3D0025D89E /* Main.storyboard in Resources */ = {isa = PBXBuildFile; fileRef = 902AB0C21EB52E3D0025D89E /* Main.storyboard */; };
		902AB0C61EB52E3D0025D89E /* Assets.xcassets in Resources */ = {isa = PBXBuildFile; fileRef = 902AB0C51EB52E3D0025D89E /* Assets.xcassets */; };
		902AB0C91EB52E3D0025D89E /* LaunchScreen.storyboard in Resources */ = {isa = PBXBuildFile; fileRef = 902AB0C71EB52E3D0025D89E /* LaunchScreen.storyboard */; };
/* End PBXBuildFile section */

/* Begin PBXFileReference section */
		902AB0BB1EB52E3D0025D89E /* Animx.app */ = {isa = PBXFileReference; explicitFileType = wrapper.application; includeInIndex = 0; path = Animx.app; sourceTree = BUILT_PRODUCTS_DIR; };
		902AB0BE1EB52E3D0025D89E /* AppDelegate.swift */ = {isa = PBXFileReference; lastKnownFileType = sourcecode.swift; path = AppDelegate.swift; sourceTree = "<group>"; };
		902AB0C01EB52E3D0025D89E /* ViewController.swift */ = {isa = PBXFileReference; lastKnownFileType = sourcecode.swift; path = ViewController.swift; sourceTree = "<group>"; };
		902AB0C31EB52E3D0025D89E /* Base */ = {isa = PBXFileReference; lastKnownFileType = file.storyboard; name = Base; path = Base.lproj/Main.storyboard; sourceTree = "<group>"; };
		902AB0C51EB52E3D0025D89E /* Assets.xcassets */ = {isa = PBXFileReference; lastKnownFileType = folder.assetcatalog; path = Assets.xcassets; sourceTree = "<group>"; };
		902AB0C81EB52E3D0025D89E /* Base */ = {isa = PBXFileReference; lastKnownFileType = file.storyboard; name = Base; path = Base.lproj/LaunchScreen.storyboard; sourceTree = "<group>"; };
		902AB0CA1EB52E3D0025D89E /* Info.plist */ = {isa = PBXFileReference; lastKnownFileType = text.plist.xml; path = Info.plist; sourceTree = "<group>"; };
/* End PBXFileReference section */

/* Begin PBXFrameworksBuildPhase section */
		902AB0B81EB52E3D0025D89E /* Frameworks */ = {
			isa = PBXFrameworksBuildPhase;
			buildActionMask = 2147483647;
			files = (
			);
			runOnlyForDeploymentPostprocessing = 0;
		};
/* End PBXFrameworksBuildPhase section */

/* Begin PBXGroup section */
		902AB0B21EB52E3D0025D89E = {
			isa = PBXGroup;
			children = (
				902AB0BD1EB52E3D0025D89E /* Animx */,
				902AB0BC1EB52E3D0025D89E /* Products */,
			);
			sourceTree = "<group>";
		};
		902AB0BC1EB52E3D0025D89E /* Products */ = {
			isa = PBXGroup;
			children = (
				902AB0BB1EB52E3D0025D89E /* Animx.app */,
			);
			name = Products;
			sourceTree = "<group>";
		};
		902AB0BD1EB52E3D0025D89E /* Animx */ = {
			isa = PBXGroup;
			children = (
				902AB0BE1EB52E3D0025D89E /* AppDelegate.swift */,
				902AB0C01EB52E3D0025D89E /* ViewController.swift */,
				902AB0C21EB52E3D0025D89E /* Main.storyboard */,
				902AB0C51EB52E3D0025D89E /* Assets.xcassets */,
				902AB0C71EB52E3D0025D89E /* LaunchScreen.storyboard */,
				902AB0CA1EB52E3D0025D89E /* Info.plist */,
			);
			path = Animx;
			sourceTree = "<group>";
		};
/* End PBXGroup section */

/* Begin PBXNativeTarget section */
		902AB0BA1EB52E3D0025D89E /* Animx */ = {
			isa = PBXNativeTarget;
			buildConfigurationList = 902AB0CD1EB52E3D0025D89E /* Build configuration list for PBXNativeTarget "Animx" */;
			buildPhases = (
				902AB0B71EB52E3D0025D89E /* Sources */,
				902AB0B81EB52E3D0025D89E /* Frameworks */,
				902AB0B91EB52E3D0025D89E /* Resources */,
			);
			buildRules = (
			);
			dependencies = (
			);
			name = Animx;
			productName = Animx;
			productReference = 902AB0BB1EB52E3D0025D89E /* Animx.app */;
			productType = "com.apple.product-type.application";
		};
/* End PBXNativeTarget section */

/* Begin PBXProject section */
		902AB0B31EB52E3D0025D89E /* Project object */ = {
			isa = PBXProject;
			attributes = {
				LastSwiftUpdateCheck = 0830;
				LastUpgradeCheck = 0830;
				ORGANIZATIONNAME = Hackathon;
				TargetAttributes = {
					902AB0BA1EB52E3D0025D89E = {
						CreatedOnToolsVersion = 8.3.1;
						DevelopmentTeam = 9P8427CVT6;
						ProvisioningStyle = Automatic;
					};
				};
			};
			buildConfigurationList = 902AB0B61EB52E3D0025D89E /* Build configuration list for PBXProject "Animx" */;
			compatibilityVersion = "Xcode 3.2";
			developmentRegion = English;
			hasScannedForEncodings = 0;
			knownRegions = (
				en,
				Base,
			);
			mainGroup = 902AB0B21EB52E3D0025D89E;
			productRefGroup = 902AB0BC1EB52E3D0025D89E /* Products */;
			projectDirPath = "";
			projectRoot = "";
			targets = (
				902AB0BA1EB52E3D0025D89E /* Animx */,
			);
		};
/* End PBXProject section */

/* Begin PBXResourcesBuildPhase section */
		902AB0B91EB52E3D0025D89E /* Resources */ = {
			isa = PBXResourcesBuildPhase;
			buildActionMask = 2147483647;
			files = (
				902AB0C91EB52E3D0025D89E /* LaunchScreen.storyboard in Resources */,
				902AB0C61EB52E3D0025D89E /* Assets.xcassets in Resources */,
				902AB0C41EB52E3D0025D89E /* Main.storyboard in Resources */,
			);
			runOnlyForDeploymentPostprocessing = 0;
		};
/* End PBXResourcesBuildPhase section */

/* Begin PBXSourcesBuildPhase section */
		902AB0B71EB52E3D0025D89E /* Sources */ = {
			isa = PBXSourcesBuildPhase;
			buildActionMask = 2147483647;
			files = (
				902AB0C11EB52E3D0025D89E /* ViewController.swift in Sources */,
				902AB0BF1EB52E3D0025D89E /* AppDelegate.swift in Sources */,
			);
			runOnlyForDeploymentPostprocessing = 0;
		};
/* End PBXSourcesBuildPhase section */

/* Begin PBXVariantGroup section */
		902AB0C21EB52E3D0025D89E /* Main.storyboard */ = {
			isa = PBXVariantGroup;
			children = (
				902AB0C31EB52E3D0025D89E /* Base */,
			);
			name = Main.storyboard;
			sourceTree = "<group>";
		};
		902AB0C71EB52E3D0025D89E /* LaunchScreen.storyboard */ = {
			isa = PBXVariantGroup;
			children = (
				902AB0C81EB52E3D0025D89E /* Base */,
			);
			name = LaunchScreen.storyboard;
			sourceTree = "<group>";
		};
/* End PBXVariantGroup section */

/* Begin XCBuildConfiguration section */
		902AB0CB1EB52E3D0025D89E /* Debug */ = {
			isa = XCBuildConfiguration;
			buildSettings = {
				ALWAYS_SEARCH_USER_PATHS = NO;
				CLANG_ANALYZER_NONNULL = YES;
				CLANG_ANALYZER_NUMBER_OBJECT_CONVERSION = YES_AGGRESSIVE;
				CLANG_CXX_LANGUAGE_STANDARD = "gnu++0x";
				CLANG_CXX_LIBRARY = "libc++";
				CLANG_ENABLE_MODULES = YES;
				CLANG_ENABLE_OBJC_ARC = YES;
				CLANG_WARN_BOOL_CONVERSION = YES;
				CLANG_WARN_CONSTANT_CONVERSION = YES;
				CLANG_WARN_DIRECT_OBJC_ISA_USAGE = YES_ERROR;
				CLANG_WARN_DOCUMENTATION_COMMENTS = YES;
				CLANG_WARN_EMPTY_BODY = YES;
				CLANG_WARN_ENUM_CONVERSION = YES;
				CLANG_WARN_INFINITE_RECURSION = YES;
				CLANG_WARN_INT_CONVERSION = YES;
				CLANG_WARN_OBJC_ROOT_CLASS = YES_ERROR;
				CLANG_WARN_SUSPICIOUS_MOVE = YES;
				CLANG_WARN_UNREACHABLE_CODE = YES;
				CLANG_WARN__DUPLICATE_METHOD_MATCH = YES;
				"CODE_SIGN_IDENTITY[sdk=iphoneos*]" = "iPhone Developer";
				COPY_PHASE_STRIP = NO;
				DEBUG_INFORMATION_FORMAT = dwarf;
				ENABLE_STRICT_OBJC_MSGSEND = YES;
				ENABLE_TESTABILITY = YES;
				GCC_C_LANGUAGE_STANDARD = gnu99;
				GCC_DYNAMIC_NO_PIC = NO;
				GCC_NO_COMMON_BLOCKS = YES;
				GCC_OPTIMIZATION_LEVEL = 0;
				GCC_PREPROCESSOR_DEFINITIONS = (
					"DEBUG=1",
					"$(inherited)",
				);
				GCC_WARN_64_TO_32_BIT_CONVERSION = YES;
				GCC_WARN_ABOUT_RETURN_TYPE = YES_ERROR;
				GCC_WARN_UNDECLARED_SELECTOR = YES;
				GCC_WARN_UNINITIALIZED_AUTOS = YES_AGGRESSIVE;
				GCC_WARN_UNUSED_FUNCTION = YES;
				GCC_WARN_UNUSED_VARIABLE = YES;
				IPHONEOS_DEPLOYMENT_TARGET = 10.3;
				MTL_ENABLE_DEBUG_INFO = YES;
				ONLY_ACTIVE_ARCH = YES;
				SDKROOT = iphoneos;
				SWIFT_ACTIVE_COMPILATION_CONDITIONS = DEBUG;
				SWIFT_OPTIMIZATION_LEVEL = "-Onone";
				TARGETED_DEVICE_FAMILY = "1,2";
			};
			name = Debug;
		};
		902AB0CC1EB52E3D0025D89E /* Release */ = {
			isa = XCBuildConfiguration;
			buildSettings = {
				ALWAYS_SEARCH_USER_PATHS = NO;
				CLANG_ANALYZER_NONNULL = YES;
				CLANG_ANALYZER_NUMBER_OBJECT_CONVERSION = YES_AGGRESSIVE;
				CLANG_CXX_LANGUAGE_STANDARD = "gnu++0x";
				CLANG_CXX_LIBRARY = "libc++";
				CLANG_ENABLE_MODULES = YES;
				CLANG_ENABLE_OBJC_ARC = YES;
				CLANG_WARN_BOOL_CONVERSION = YES;
				CLANG_WARN_CONSTANT_CONVERSION = YES;
				CLANG_WARN_DIRECT_OBJC_ISA_USAGE = YES_ERROR;
				CLANG_WARN_DOCUMENTATION_COMMENTS = YES;
				CLANG_WARN_EMPTY_BODY = YES;
				CLANG_WARN_ENUM_CONVERSION = YES;
				CLANG_WARN_INFINITE_RECURSION = YES;
				CLANG_WARN_INT_CONVERSION = YES;
				CLANG_WARN_OBJC_ROOT_CLASS = YES_ERROR;
				CLANG_WARN_SUSPICIOUS_MOVE = YES;
				CLANG_WARN_UNREACHABLE_CODE = YES;
				CLANG_WARN__DUPLICATE_METHOD_MATCH = YES;
				"CODE_SIGN_IDENTITY[sdk=iphoneos*]" = "iPhone Developer";
				COPY_PHASE_STRIP = NO;
				DEBUG_INFORMATION_FORMAT = "dwarf-with-dsym";
				ENABLE_NS_ASSERTIONS = NO;
				ENABLE_STRICT_OBJC_MSGSEND = YES;
				GCC_C_LANGUAGE_STANDARD = gnu99;
				GCC_NO_COMMON_BLOCKS = YES;
				GCC_WARN_64_TO_32_BIT_CONVERSION = YES;
				GCC_WARN_ABOUT_RETURN_TYPE = YES_ERROR;
				GCC_WARN_UNDECLARED_SELECTOR = YES;
				GCC_WARN_UNINITIALIZED_AUTOS = YES_AGGRESSIVE;
				GCC_WARN_UNUSED_FUNCTION = YES;
				GCC_WARN_UNUSED_VARIABLE = YES;
				IPHONEOS_DEPLOYMENT_TARGET = 10.3;
				MTL_ENABLE_DEBUG_INFO = NO;
				SDKROOT = iphoneos;
				SWIFT_OPTIMIZATION_LEVEL = "-Owholemodule";
				TARGETED_DEVICE_FAMILY = "1,2";
				VALIDATE_PRODUCT = YES;
			};
			name = Release;
		};
		902AB0CE1EB52E3D0025D89E /* Debug */ = {
			isa = XCBuildConfiguration;
			buildSettings = {
				ASSETCATALOG_COMPILER_APPICON_NAME = AppIcon;
				DEVELOPMENT_TEAM = 9P8427CVT6;
				INFOPLIST_FILE = Animx/Info.plist;
				LD_RUNPATH_SEARCH_PATHS = "$(inherited) @executable_path/Frameworks";
				PRODUCT_BUNDLE_IDENTIFIER = Hackathon.Animx.1.23;
				PRODUCT_NAME = "$(TARGET_NAME)";
				SWIFT_VERSION = 3.0;
			};
			name = Debug;
		};
		902AB0CF1EB52E3D0025D89E /* Release */ = {
			isa = XCBuildConfiguration;
			buildSettings = {
				ASSETCATALOG_COMPILER_APPICON_NAME = AppIcon;
				DEVELOPMENT_TEAM = 9P8427CVT6;
				INFOPLIST_FILE = Animx/Info.plist;
				LD_RUNPATH_SEARCH_PATHS = "$(inherited) @executable_path/Frameworks";
				PRODUCT_BUNDLE_IDENTIFIER = Hackathon.Animx.1.23;
				PRODUCT_NAME = "$(TARGET_NAME)";
				SWIFT_VERSION = 3.0;
			};
			name = Release;
		};
/* End XCBuildConfiguration section */

/* Begin XCConfigurationList section */
		902AB0B61EB52E3D0025D89E /* Build configuration list for PBXProject "Animx" */ = {
			isa = XCConfigurationList;
			buildConfigurations = (
				902AB0CB1EB52E3D0025D89E /* Debug */,
				902AB0CC1EB52E3D0025D89E /* Release */,
			);
			defaultConfigurationIsVisible = 0;
			defaultConfigurationName = Release;
		};
		902AB0CD1EB52E3D0025D89E /* Build configuration list for PBXNativeTarget "Animx" */ = {
			isa = XCConfigurationList;
			buildConfigurations = (
				902AB0CE1EB52E3D0025D89E /* Debug */,
				902AB0CF1EB52E3D0025D89E /* Release */,
			);
			defaultConfigurationIsVisible = 0;
			defaultConfigurationName = Release;
		};
/* End XCConfigurationList section */
	};
	rootObject = 902AB0B31EB52E3D0025D89E /* Project object */;
}
